
Microsoft Visual Studio Solution File, Format Version 12.00
# Visual Studio Version 16
VisualStudioVersion = 16.0.30011.22
MinimumVisualStudioVersion = 10.0.40219.1
Project("{FAE04EC0-301F-11D3-BF4B-00C04F79EFBC}") = "FactorioModPortalClient", "FactorioModPortalClient\FactorioModPortalClient.csproj", "{FF87EA62-6D41-419B-808A-A747DBB323F8}"
EndProject
Project("{FAE04EC0-301F-11D3-BF4B-00C04F79EFBC}") = "FactorioModPortalClientTestApp", "FactorioModPortalClientTestApp\FactorioModPortalClientTestApp.csproj", "{C9412889-D074-4C0D-8401-68D73662D4DA}"
EndProject
Global
	GlobalSection(SolutionConfigurationPlatforms) = preSolution
		Debug|Any CPU = Debug|Any CPU
		Release|Any CPU = Release|Any CPU
	EndGlobalSection
	GlobalSection(ProjectConfigurationPlatforms) = postSolution
		{FF87EA62-6D41-419B-808A-A747DBB323F8}.Debug|Any CPU.ActiveCfg = Debug|Any CPU
		{FF87EA62-6D41-419B-808A-A747DBB323F8}.Debug|Any CPU.Build.0 = Debug|Any CPU
		{FF87EA62-6D41-419B-808A-A747DBB323F8}.Release|Any CPU.ActiveCfg = Release|Any CPU
		{FF87EA62-6D41-419B-808A-A747DBB323F8}.Release|Any CPU.Build.0 = Release|Any CPU
		{C9412889-D074-4C0D-8401-68D73662D4DA}.Debug|Any CPU.ActiveCfg = Debug|Any CPU
		{C9412889-D074-4C0D-8401-68D73662D4DA}.Debug|Any CPU.Build.0 = Debug|Any CPU
		{C9412889-D074-4C0D-8401-68D73662D4DA}.Release|Any CPU.ActiveCfg = Release|Any CPU
		{C9412889-D074-4C0D-8401-68D73662D4DA}.Release|Any CPU.Build.0 = Release|Any CPU
	EndGlobalSection
	GlobalSection(SolutionProperties) = preSolution
		HideSolutionNode = FALSE
	EndGlobalSection
	GlobalSection(ExtensibilityGlobals) = postSolution
		SolutionGuid = {3E116921-D512-4740-B7CC-EAB8622E1564}
	EndGlobalSection
EndGlobal
